
Microsoft Visual Studio Solution File, Format Version 12.00
# Visual Studio Version 17
VisualStudioVersion = 17.2.32616.157
MinimumVisualStudioVersion = 10.0.40219.1
Project("{9A19103F-16F7-4668-BE54-9A1E7A4F7556}") = "GroupProjectFrontEndV2", "GroupProjectFrontEndV2\GroupProjectFrontEndV2.csproj", "{3A3D14EF-8704-43B6-86AF-F8CB2042292E}"
EndProject
Global
	GlobalSection(SolutionConfigurationPlatforms) = preSolution
		Debug|Any CPU = Debug|Any CPU
		Release|Any CPU = Release|Any CPU
	EndGlobalSection
	GlobalSection(ProjectConfigurationPlatforms) = postSolution
		{3A3D14EF-8704-43B6-86AF-F8CB2042292E}.Debug|Any CPU.ActiveCfg = Debug|Any CPU
		{3A3D14EF-8704-43B6-86AF-F8CB2042292E}.Debug|Any CPU.Build.0 = Debug|Any CPU
		{3A3D14EF-8704-43B6-86AF-F8CB2042292E}.Release|Any CPU.ActiveCfg = Release|Any CPU
		{3A3D14EF-8704-43B6-86AF-F8CB2042292E}.Release|Any CPU.Build.0 = Release|Any CPU
	EndGlobalSection
	GlobalSection(SolutionProperties) = preSolution
		HideSolutionNode = FALSE
	EndGlobalSection
	GlobalSection(ExtensibilityGlobals) = postSolution
		SolutionGuid = {49C7D456-3CE8-40B4-A639-1A20AD2FB7D0}
	EndGlobalSection
EndGlobal
